
Microsoft Visual Studio Solution File, Format Version 12.00
# Visual Studio Version 17
VisualStudioVersion = 17.14.37516.0 d17.14
MinimumVisualStudioVersion = 10.0.40219.1
Project("{FAE04EC0-301F-11D3-BF4B-00C04F79EFBC}") = "WeatherApplication", "WeatherApplication\WeatherApplication.csproj", "{A3E42C8B-18BA-4850-B0CA-6FD0C2585D8B}"
EndProject
Project("{2150E333-8FDC-42A3-9474-1A3956D46DE8}") = "Solution Items", "Solution Items", "{8EC462FD-D22E-90A8-E5CE-7E832BA40C5D}"
EndProject
Global
	GlobalSection(SolutionConfigurationPlatforms) = preSolution
		Debug|Any CPU = Debug|Any CPU
		Release|Any CPU = Release|Any CPU
	EndGlobalSection
	GlobalSection(ProjectConfigurationPlatforms) = postSolution
		{A3E42C8B-18BA-4850-B0CA-6FD0C2585D8B}.Debug|Any CPU.ActiveCfg = Debug|Any CPU
		{A3E42C8B-18BA-4850-B0CA-6FD0C2585D8B}.Debug|Any CPU.Build.0 = Debug|Any CPU
		{A3E42C8B-18BA-4850-B0CA-6FD0C2585D8B}.Release|Any CPU.ActiveCfg = Release|Any CPU
		{A3E42C8B-18BA-4850-B0CA-6FD0C2585D8B}.Release|Any CPU.Build.0 = Release|Any CPU
	EndGlobalSection
	GlobalSection(SolutionProperties) = preSolution
		HideSolutionNode = FALSE
	EndGlobalSection
	GlobalSection(ExtensibilityGlobals) = postSolution
		SolutionGuid = {41CF3E99-13CC-4557-814D-52426198C29D}
	EndGlobalSection
EndGlobal
